
Microsoft Visual Studio Solution File, Format Version 12.00
# Visual Studio Version 16
VisualStudioVersion = 16.0.33801.447
MinimumVisualStudioVersion = 10.0.40219.1
Project("{FAE04EC0-301F-11D3-BF4B-00C04F79EFBC}") = "TK", "TK\TK.csproj", "{FA8361F9-35B8-4ABB-B2F6-249BF0CCA99C}"
EndProject
Project("{FAE04EC0-301F-11D3-BF4B-00C04F79EFBC}") = "UnitTestProject2", "UnitTestProject2\UnitTestProject2.csproj", "{C777D5F4-96C0-4A01-BB23-31C51E13F3AE}"
EndProject
Global
	GlobalSection(SolutionConfigurationPlatforms) = preSolution
		Debug|Any CPU = Debug|Any CPU
		Release|Any CPU = Release|Any CPU
	EndGlobalSection
	GlobalSection(ProjectConfigurationPlatforms) = postSolution
		{FA8361F9-35B8-4ABB-B2F6-249BF0CCA99C}.Debug|Any CPU.ActiveCfg = Debug|Any CPU
		{FA8361F9-35B8-4ABB-B2F6-249BF0CCA99C}.Debug|Any CPU.Build.0 = Debug|Any CPU
		{FA8361F9-35B8-4ABB-B2F6-249BF0CCA99C}.Release|Any CPU.ActiveCfg = Release|Any CPU
		{FA8361F9-35B8-4ABB-B2F6-249BF0CCA99C}.Release|Any CPU.Build.0 = Release|Any CPU
		{C777D5F4-96C0-4A01-BB23-31C51E13F3AE}.Debug|Any CPU.ActiveCfg = Debug|Any CPU
		{C777D5F4-96C0-4A01-BB23-31C51E13F3AE}.Debug|Any CPU.Build.0 = Debug|Any CPU
		{C777D5F4-96C0-4A01-BB23-31C51E13F3AE}.Release|Any CPU.ActiveCfg = Release|Any CPU
		{C777D5F4-96C0-4A01-BB23-31C51E13F3AE}.Release|Any CPU.Build.0 = Release|Any CPU
	EndGlobalSection
	GlobalSection(SolutionProperties) = preSolution
		HideSolutionNode = FALSE
	EndGlobalSection
	GlobalSection(ExtensibilityGlobals) = postSolution
		SolutionGuid = {DB4884F7-D648-47D6-B228-26AEECA5CE0C}
	EndGlobalSection
EndGlobal
